// !$*UTF8*$!
{
	archiveVersion = 1;
	classes = {
	};
	objectVersion = 56;
	objects = {

/* Begin PBXBuildFile section */
		1B1076FA290D175700E19C6A /* AppDelegate.swift in Sources */ = {isa = PBXBuildFile; fileRef = 1B1076F9290D175700E19C6A /* AppDelegate.swift */; };
		1B1076FC290D175700E19C6A /* SceneDelegate.swift in Sources */ = {isa = PBXBuildFile; fileRef = 1B1076FB290D175700E19C6A /* SceneDelegate.swift */; };
		1B1076FE290D175700E19C6A /* MainScreenView.swift in Sources */ = {isa = PBXBuildFile; fileRef = 1B1076FD290D175700E19C6A /* MainScreenView.swift */; };
		1B107703290D175900E19C6A /* Assets.xcassets in Resources */ = {isa = PBXBuildFile; fileRef = 1B107702290D175900E19C6A /* Assets.xcassets */; };
		1B107706290D175900E19C6A /* LaunchScreen.storyboard in Resources */ = {isa = PBXBuildFile; fileRef = 1B107704290D175900E19C6A /* LaunchScreen.storyboard */; };
		1B107714290D187300E19C6A /* MainScreenModuleConfigurator.swift in Sources */ = {isa = PBXBuildFile; fileRef = 1B107713290D187300E19C6A /* MainScreenModuleConfigurator.swift */; };
		1B107716290D18B900E19C6A /* NavigationBuilder.swift in Sources */ = {isa = PBXBuildFile; fileRef = 1B107715290D18B900E19C6A /* NavigationBuilder.swift */; };
		1B107718290D19A100E19C6A /* MainScreenInteractor.swift in Sources */ = {isa = PBXBuildFile; fileRef = 1B107717290D19A100E19C6A /* MainScreenInteractor.swift */; };
		1B10771A290D1AC000E19C6A /* MainScreenRouter.swift in Sources */ = {isa = PBXBuildFile; fileRef = 1B107719290D1AC000E19C6A /* MainScreenRouter.swift */; };
		1B10771C290D1B3300E19C6A /* MainScreenPresenter.swift in Sources */ = {isa = PBXBuildFile; fileRef = 1B10771B290D1B3300E19C6A /* MainScreenPresenter.swift */; };
		1B10771E290D209A00E19C6A /* DataModel.swift in Sources */ = {isa = PBXBuildFile; fileRef = 1B10771D290D209A00E19C6A /* DataModel.swift */; };
		1B21137D290D3C4A00C1977D /* NetworkService.swift in Sources */ = {isa = PBXBuildFile; fileRef = 1B21137C290D3C4A00C1977D /* NetworkService.swift */; };
		1B21137F290D55F800C1977D /* MainScreenView + Extensions.swift in Sources */ = {isa = PBXBuildFile; fileRef = 1B21137E290D55F800C1977D /* MainScreenView + Extensions.swift */; };
		1B211381290D590100C1977D /* EmployeeCell.swift in Sources */ = {isa = PBXBuildFile; fileRef = 1B211380290D590100C1977D /* EmployeeCell.swift */; };
		1B211383290D594100C1977D /* MainScreenView + SetupUI.swift in Sources */ = {isa = PBXBuildFile; fileRef = 1B211382290D594100C1977D /* MainScreenView + SetupUI.swift */; };
		1B211385290D6DBC00C1977D /* NetworkError.swift in Sources */ = {isa = PBXBuildFile; fileRef = 1B211384290D6DBC00C1977D /* NetworkError.swift */; };
		1B211387290D974E00C1977D /* EmployeeSectionHeader.swift in Sources */ = {isa = PBXBuildFile; fileRef = 1B211386290D974E00C1977D /* EmployeeSectionHeader.swift */; };
		1B211389290D98A600C1977D /* UIColorExtensions.swift in Sources */ = {isa = PBXBuildFile; fileRef = 1B211388290D98A600C1977D /* UIColorExtensions.swift */; };
		1B21138B290E5CA000C1977D /* NavigationController + Extension.swift in Sources */ = {isa = PBXBuildFile; fileRef = 1B21138A290E5CA000C1977D /* NavigationController + Extension.swift */; };
		1B21138D290EAE3400C1977D /* MainScreenView + Actions.swift in Sources */ = {isa = PBXBuildFile; fileRef = 1B21138C290EAE3400C1977D /* MainScreenView + Actions.swift */; };
		1B211391290EBBF600C1977D /* StructWrapper.swift in Sources */ = {isa = PBXBuildFile; fileRef = 1B211390290EBBF600C1977D /* StructWrapper.swift */; };
/* End PBXBuildFile section */

/* Begin PBXFileReference section */
		1B1076F6290D175700E19C6A /* avito-test-task.app */ = {isa = PBXFileReference; explicitFileType = wrapper.application; includeInIndex = 0; path = "avito-test-task.app"; sourceTree = BUILT_PRODUCTS_DIR; };
		1B1076F9290D175700E19C6A /* AppDelegate.swift */ = {isa = PBXFileReference; lastKnownFileType = sourcecode.swift; path = AppDelegate.swift; sourceTree = "<group>"; };
		1B1076FB290D175700E19C6A /* SceneDelegate.swift */ = {isa = PBXFileReference; lastKnownFileType = sourcecode.swift; path = SceneDelegate.swift; sourceTree = "<group>"; };
		1B1076FD290D175700E19C6A /* MainScreenView.swift */ = {isa = PBXFileReference; lastKnownFileType = sourcecode.swift; path = MainScreenView.swift; sourceTree = "<group>"; };
		1B107702290D175900E19C6A /* Assets.xcassets */ = {isa = PBXFileReference; lastKnownFileType = folder.assetcatalog; path = Assets.xcassets; sourceTree = "<group>"; };
		1B107705290D175900E19C6A /* Base */ = {isa = PBXFileReference; lastKnownFileType = file.storyboard; name = Base; path = Base.lproj/LaunchScreen.storyboard; sourceTree = "<group>"; };
		1B107707290D175900E19C6A /* Info.plist */ = {isa = PBXFileReference; lastKnownFileType = text.plist.xml; path = Info.plist; sourceTree = "<group>"; };
		1B107713290D187300E19C6A /* MainScreenModuleConfigurator.swift */ = {isa = PBXFileReference; lastKnownFileType = sourcecode.swift; path = MainScreenModuleConfigurator.swift; sourceTree = "<group>"; };
		1B107715290D18B900E19C6A /* NavigationBuilder.swift */ = {isa = PBXFileReference; fileEncoding = 4; lastKnownFileType = sourcecode.swift; path = NavigationBuilder.swift; sourceTree = "<group>"; };
		1B107717290D19A100E19C6A /* MainScreenInteractor.swift */ = {isa = PBXFileReference; lastKnownFileType = sourcecode.swift; path = MainScreenInteractor.swift; sourceTree = "<group>"; };
		1B107719290D1AC000E19C6A /* MainScreenRouter.swift */ = {isa = PBXFileReference; lastKnownFileType = sourcecode.swift; path = MainScreenRouter.swift; sourceTree = "<group>"; };
		1B10771B290D1B3300E19C6A /* MainScreenPresenter.swift */ = {isa = PBXFileReference; lastKnownFileType = sourcecode.swift; path = MainScreenPresenter.swift; sourceTree = "<group>"; };
		1B10771D290D209A00E19C6A /* DataModel.swift */ = {isa = PBXFileReference; lastKnownFileType = sourcecode.swift; path = DataModel.swift; sourceTree = "<group>"; };
		1B21137C290D3C4A00C1977D /* NetworkService.swift */ = {isa = PBXFileReference; lastKnownFileType = sourcecode.swift; path = NetworkService.swift; sourceTree = "<group>"; };
		1B21137E290D55F800C1977D /* MainScreenView + Extensions.swift */ = {isa = PBXFileReference; lastKnownFileType = sourcecode.swift; path = "MainScreenView + Extensions.swift"; sourceTree = "<group>"; };
		1B211380290D590100C1977D /* EmployeeCell.swift */ = {isa = PBXFileReference; lastKnownFileType = sourcecode.swift; path = EmployeeCell.swift; sourceTree = "<group>"; };
		1B211382290D594100C1977D /* MainScreenView + SetupUI.swift */ = {isa = PBXFileReference; lastKnownFileType = sourcecode.swift; path = "MainScreenView + SetupUI.swift"; sourceTree = "<group>"; };
		1B211384290D6DBC00C1977D /* NetworkError.swift */ = {isa = PBXFileReference; lastKnownFileType = sourcecode.swift; path = NetworkError.swift; sourceTree = "<group>"; };
		1B211386290D974E00C1977D /* EmployeeSectionHeader.swift */ = {isa = PBXFileReference; lastKnownFileType = sourcecode.swift; path = EmployeeSectionHeader.swift; sourceTree = "<group>"; };
		1B211388290D98A600C1977D /* UIColorExtensions.swift */ = {isa = PBXFileReference; fileEncoding = 4; lastKnownFileType = sourcecode.swift; path = UIColorExtensions.swift; sourceTree = "<group>"; };
		1B21138A290E5CA000C1977D /* NavigationController + Extension.swift */ = {isa = PBXFileReference; fileEncoding = 4; lastKnownFileType = sourcecode.swift; path = "NavigationController + Extension.swift"; sourceTree = "<group>"; };
		1B21138C290EAE3400C1977D /* MainScreenView + Actions.swift */ = {isa = PBXFileReference; lastKnownFileType = sourcecode.swift; path = "MainScreenView + Actions.swift"; sourceTree = "<group>"; };
		1B211390290EBBF600C1977D /* StructWrapper.swift */ = {isa = PBXFileReference; lastKnownFileType = sourcecode.swift; path = StructWrapper.swift; sourceTree = "<group>"; };
/* End PBXFileReference section */

/* Begin PBXFrameworksBuildPhase section */
		1B1076F3290D175700E19C6A /* Frameworks */ = {
			isa = PBXFrameworksBuildPhase;
			buildActionMask = 2147483647;
			files = (
			);
			runOnlyForDeploymentPostprocessing = 0;
		};
/* End PBXFrameworksBuildPhase section */

/* Begin PBXGroup section */
		1B1076ED290D175700E19C6A = {
			isa = PBXGroup;
			children = (
				1B1076F8290D175700E19C6A /* avito-test-task */,
				1B1076F7290D175700E19C6A /* Products */,
			);
			sourceTree = "<group>";
		};
		1B1076F7290D175700E19C6A /* Products */ = {
			isa = PBXGroup;
			children = (
				1B1076F6290D175700E19C6A /* avito-test-task.app */,
			);
			name = Products;
			sourceTree = "<group>";
		};
		1B1076F8290D175700E19C6A /* avito-test-task */ = {
			isa = PBXGroup;
			children = (
				1B211395290FD07000C1977D /* Helpers */,
				1B10770D290D182200E19C6A /* MainScreenModule */,
				1B1076F9290D175700E19C6A /* AppDelegate.swift */,
				1B1076FB290D175700E19C6A /* SceneDelegate.swift */,
				1B107702290D175900E19C6A /* Assets.xcassets */,
				1B107704290D175900E19C6A /* LaunchScreen.storyboard */,
				1B107707290D175900E19C6A /* Info.plist */,
			);
			path = "avito-test-task";
			sourceTree = "<group>";
		};
		1B10770D290D182200E19C6A /* MainScreenModule */ = {
			isa = PBXGroup;
			children = (
				1B107713290D187300E19C6A /* MainScreenModuleConfigurator.swift */,
				1B107712290D185100E19C6A /* View */,
				1B107711290D184900E19C6A /* Interactor */,
				1B107710290D184000E19C6A /* Presenter */,
				1B10770F290D183500E19C6A /* Entity */,
				1B10770E290D182B00E19C6A /* Router */,
			);
			path = MainScreenModule;
			sourceTree = "<group>";
		};
		1B10770E290D182B00E19C6A /* Router */ = {
			isa = PBXGroup;
			children = (
				1B107719290D1AC000E19C6A /* MainScreenRouter.swift */,
			);
			path = Router;
			sourceTree = "<group>";
		};
		1B10770F290D183500E19C6A /* Entity */ = {
			isa = PBXGroup;
			children = (
				1B10771D290D209A00E19C6A /* DataModel.swift */,
				1B211384290D6DBC00C1977D /* NetworkError.swift */,
				1B211390290EBBF600C1977D /* StructWrapper.swift */,
			);
			path = Entity;
			sourceTree = "<group>";
		};
		1B107710290D184000E19C6A /* Presenter */ = {
			isa = PBXGroup;
			children = (
				1B10771B290D1B3300E19C6A /* MainScreenPresenter.swift */,
			);
			path = Presenter;
			sourceTree = "<group>";
		};
		1B107711290D184900E19C6A /* Interactor */ = {
			isa = PBXGroup;
			children = (
				1B21137B290D3C3300C1977D /* NetworkService */,
				1B107717290D19A100E19C6A /* MainScreenInteractor.swift */,
			);
			path = Interactor;
			sourceTree = "<group>";
		};
		1B107712290D185100E19C6A /* View */ = {
			isa = PBXGroup;
			children = (
				1B1076FD290D175700E19C6A /* MainScreenView.swift */,
				1B211382290D594100C1977D /* MainScreenView + SetupUI.swift */,
				1B21137E290D55F800C1977D /* MainScreenView + Extensions.swift */,
				1B211380290D590100C1977D /* EmployeeCell.swift */,
				1B211386290D974E00C1977D /* EmployeeSectionHeader.swift */,
				1B21138C290EAE3400C1977D /* MainScreenView + Actions.swift */,
			);
			path = View;
			sourceTree = "<group>";
		};
		1B21137B290D3C3300C1977D /* NetworkService */ = {
			isa = PBXGroup;
			children = (
				1B21137C290D3C4A00C1977D /* NetworkService.swift */,
			);
			path = NetworkService;
			sourceTree = "<group>";
		};
		1B211395290FD07000C1977D /* Helpers */ = {
			isa = PBXGroup;
			children = (
				1B107715290D18B900E19C6A /* NavigationBuilder.swift */,
				1B211396290FD07600C1977D /* Extensions */,
			);
			path = Helpers;
			sourceTree = "<group>";
		};
		1B211396290FD07600C1977D /* Extensions */ = {
			isa = PBXGroup;
			children = (
				1B21138A290E5CA000C1977D /* NavigationController + Extension.swift */,
				1B211388290D98A600C1977D /* UIColorExtensions.swift */,
			);
			path = Extensions;
			sourceTree = "<group>";
		};
/* End PBXGroup section */

/* Begin PBXNativeTarget section */
		1B1076F5290D175700E19C6A /* avito-test-task */ = {
			isa = PBXNativeTarget;
			buildConfigurationList = 1B10770A290D175900E19C6A /* Build configuration list for PBXNativeTarget "avito-test-task" */;
			buildPhases = (
				1B1076F2290D175700E19C6A /* Sources */,
				1B1076F3290D175700E19C6A /* Frameworks */,
				1B1076F4290D175700E19C6A /* Resources */,
			);
			buildRules = (
			);
			dependencies = (
			);
			name = "avito-test-task";
			productName = "avito-test-task";
			productReference = 1B1076F6290D175700E19C6A /* avito-test-task.app */;
			productType = "com.apple.product-type.application";
		};
/* End PBXNativeTarget section */

/* Begin PBXProject section */
		1B1076EE290D175700E19C6A /* Project object */ = {
			isa = PBXProject;
			attributes = {
				BuildIndependentTargetsInParallel = 1;
				LastSwiftUpdateCheck = 1400;
				LastUpgradeCheck = 1400;
				TargetAttributes = {
					1B1076F5290D175700E19C6A = {
						CreatedOnToolsVersion = 14.0.1;
					};
				};
			};
			buildConfigurationList = 1B1076F1290D175700E19C6A /* Build configuration list for PBXProject "avito-test-task" */;
			compatibilityVersion = "Xcode 14.0";
			developmentRegion = en;
			hasScannedForEncodings = 0;
			knownRegions = (
				en,
				Base,
			);
			mainGroup = 1B1076ED290D175700E19C6A;
			productRefGroup = 1B1076F7290D175700E19C6A /* Products */;
			projectDirPath = "";
			projectRoot = "";
			targets = (
				1B1076F5290D175700E19C6A /* avito-test-task */,
			);
		};
/* End PBXProject section */

/* Begin PBXResourcesBuildPhase section */
		1B1076F4290D175700E19C6A /* Resources */ = {
			isa = PBXResourcesBuildPhase;
			buildActionMask = 2147483647;
			files = (
				1B107706290D175900E19C6A /* LaunchScreen.storyboard in Resources */,
				1B107703290D175900E19C6A /* Assets.xcassets in Resources */,
			);
			runOnlyForDeploymentPostprocessing = 0;
		};
/* End PBXResourcesBuildPhase section */

/* Begin PBXSourcesBuildPhase section */
		1B1076F2290D175700E19C6A /* Sources */ = {
			isa = PBXSourcesBuildPhase;
			buildActionMask = 2147483647;
			files = (
				1B211391290EBBF600C1977D /* StructWrapper.swift in Sources */,
				1B211387290D974E00C1977D /* EmployeeSectionHeader.swift in Sources */,
				1B21138D290EAE3400C1977D /* MainScreenView + Actions.swift in Sources */,
				1B21137D290D3C4A00C1977D /* NetworkService.swift in Sources */,
				1B10771A290D1AC000E19C6A /* MainScreenRouter.swift in Sources */,
				1B211383290D594100C1977D /* MainScreenView + SetupUI.swift in Sources */,
				1B10771C290D1B3300E19C6A /* MainScreenPresenter.swift in Sources */,
				1B1076FE290D175700E19C6A /* MainScreenView.swift in Sources */,
				1B1076FA290D175700E19C6A /* AppDelegate.swift in Sources */,
				1B21138B290E5CA000C1977D /* NavigationController + Extension.swift in Sources */,
				1B107718290D19A100E19C6A /* MainScreenInteractor.swift in Sources */,
				1B211385290D6DBC00C1977D /* NetworkError.swift in Sources */,
				1B107714290D187300E19C6A /* MainScreenModuleConfigurator.swift in Sources */,
				1B1076FC290D175700E19C6A /* SceneDelegate.swift in Sources */,
				1B21137F290D55F800C1977D /* MainScreenView + Extensions.swift in Sources */,
				1B211381290D590100C1977D /* EmployeeCell.swift in Sources */,
				1B107716290D18B900E19C6A /* NavigationBuilder.swift in Sources */,
				1B10771E290D209A00E19C6A /* DataModel.swift in Sources */,
				1B211389290D98A600C1977D /* UIColorExtensions.swift in Sources */,
			);
			runOnlyForDeploymentPostprocessing = 0;
		};
/* End PBXSourcesBuildPhase section */

/* Begin PBXVariantGroup section */
		1B107704290D175900E19C6A /* LaunchScreen.storyboard */ = {
			isa = PBXVariantGroup;
			children = (
				1B107705290D175900E19C6A /* Base */,
			);
			name = LaunchScreen.storyboard;
			sourceTree = "<group>";
		};
/* End PBXVariantGroup section */

/* Begin XCBuildConfiguration section */
		1B107708290D175900E19C6A /* Debug */ = {
			isa = XCBuildConfiguration;
			buildSettings = {
				ALWAYS_SEARCH_USER_PATHS = NO;
				CLANG_ANALYZER_NONNULL = YES;
				CLANG_ANALYZER_NUMBER_OBJECT_CONVERSION = YES_AGGRESSIVE;
				CLANG_CXX_LANGUAGE_STANDARD = "gnu++20";
				CLANG_ENABLE_MODULES = YES;
				CLANG_ENABLE_OBJC_ARC = YES;
				CLANG_ENABLE_OBJC_WEAK = YES;
				CLANG_WARN_BLOCK_CAPTURE_AUTORELEASING = YES;
				CLANG_WARN_BOOL_CONVERSION = YES;
				CLANG_WARN_COMMA = YES;
				CLANG_WARN_CONSTANT_CONVERSION = YES;
				CLANG_WARN_DEPRECATED_OBJC_IMPLEMENTATIONS = YES;
				CLANG_WARN_DIRECT_OBJC_ISA_USAGE = YES_ERROR;
				CLANG_WARN_DOCUMENTATION_COMMENTS = YES;
				CLANG_WARN_EMPTY_BODY = YES;
				CLANG_WARN_ENUM_CONVERSION = YES;
				CLANG_WARN_INFINITE_RECURSION = YES;
				CLANG_WARN_INT_CONVERSION = YES;
				CLANG_WARN_NON_LITERAL_NULL_CONVERSION = YES;
				CLANG_WARN_OBJC_IMPLICIT_RETAIN_SELF = YES;
				CLANG_WARN_OBJC_LITERAL_CONVERSION = YES;
				CLANG_WARN_OBJC_ROOT_CLASS = YES_ERROR;
				CLANG_WARN_QUOTED_INCLUDE_IN_FRAMEWORK_HEADER = YES;
				CLANG_WARN_RANGE_LOOP_ANALYSIS = YES;
				CLANG_WARN_STRICT_PROTOTYPES = YES;
				CLANG_WARN_SUSPICIOUS_MOVE = YES;
				CLANG_WARN_UNGUARDED_AVAILABILITY = YES_AGGRESSIVE;
				CLANG_WARN_UNREACHABLE_CODE = YES;
				CLANG_WARN__DUPLICATE_METHOD_MATCH = YES;
				COPY_PHASE_STRIP = NO;
				DEBUG_INFORMATION_FORMAT = dwarf;
				ENABLE_STRICT_OBJC_MSGSEND = YES;
				ENABLE_TESTABILITY = YES;
				GCC_C_LANGUAGE_STANDARD = gnu11;
				GCC_DYNAMIC_NO_PIC = NO;
				GCC_NO_COMMON_BLOCKS = YES;
				GCC_OPTIMIZATION_LEVEL = 0;
				GCC_PREPROCESSOR_DEFINITIONS = (
					"DEBUG=1",
					"$(inherited)",
				);
				GCC_WARN_64_TO_32_BIT_CONVERSION = YES;
				GCC_WARN_ABOUT_RETURN_TYPE = YES_ERROR;
				GCC_WARN_UNDECLARED_SELECTOR = YES;
				GCC_WARN_UNINITIALIZED_AUTOS = YES_AGGRESSIVE;
				GCC_WARN_UNUSED_FUNCTION = YES;
				GCC_WARN_UNUSED_VARIABLE = YES;
				IPHONEOS_DEPLOYMENT_TARGET = 16.0;
				MTL_ENABLE_DEBUG_INFO = INCLUDE_SOURCE;
				MTL_FAST_MATH = YES;
				ONLY_ACTIVE_ARCH = YES;
				SDKROOT = iphoneos;
				SWIFT_ACTIVE_COMPILATION_CONDITIONS = DEBUG;
				SWIFT_OPTIMIZATION_LEVEL = "-Onone";
			};
			name = Debug;
		};
		1B107709290D175900E19C6A /* Release */ = {
			isa = XCBuildConfiguration;
			buildSettings = {
				ALWAYS_SEARCH_USER_PATHS = NO;
				CLANG_ANALYZER_NONNULL = YES;
				CLANG_ANALYZER_NUMBER_OBJECT_CONVERSION = YES_AGGRESSIVE;
				CLANG_CXX_LANGUAGE_STANDARD = "gnu++20";
				CLANG_ENABLE_MODULES = YES;
				CLANG_ENABLE_OBJC_ARC = YES;
				CLANG_ENABLE_OBJC_WEAK = YES;
				CLANG_WARN_BLOCK_CAPTURE_AUTORELEASING = YES;
				CLANG_WARN_BOOL_CONVERSION = YES;
				CLANG_WARN_COMMA = YES;
				CLANG_WARN_CONSTANT_CONVERSION = YES;
				CLANG_WARN_DEPRECATED_OBJC_IMPLEMENTATIONS = YES;
				CLANG_WARN_DIRECT_OBJC_ISA_USAGE = YES_ERROR;
				CLANG_WARN_DOCUMENTATION_COMMENTS = YES;
				CLANG_WARN_EMPTY_BODY = YES;
				CLANG_WARN_ENUM_CONVERSION = YES;
				CLANG_WARN_INFINITE_RECURSION = YES;
				CLANG_WARN_INT_CONVERSION = YES;
				CLANG_WARN_NON_LITERAL_NULL_CONVERSION = YES;
				CLANG_WARN_OBJC_IMPLICIT_RETAIN_SELF = YES;
				CLANG_WARN_OBJC_LITERAL_CONVERSION = YES;
				CLANG_WARN_OBJC_ROOT_CLASS = YES_ERROR;
				CLANG_WARN_QUOTED_INCLUDE_IN_FRAMEWORK_HEADER = YES;
				CLANG_WARN_RANGE_LOOP_ANALYSIS = YES;
				CLANG_WARN_STRICT_PROTOTYPES = YES;
				CLANG_WARN_SUSPICIOUS_MOVE = YES;
				CLANG_WARN_UNGUARDED_AVAILABILITY = YES_AGGRESSIVE;
				CLANG_WARN_UNREACHABLE_CODE = YES;
				CLANG_WARN__DUPLICATE_METHOD_MATCH = YES;
				COPY_PHASE_STRIP = NO;
				DEBUG_INFORMATION_FORMAT = "dwarf-with-dsym";
				ENABLE_NS_ASSERTIONS = NO;
				ENABLE_STRICT_OBJC_MSGSEND = YES;
				GCC_C_LANGUAGE_STANDARD = gnu11;
				GCC_NO_COMMON_BLOCKS = YES;
				GCC_WARN_64_TO_32_BIT_CONVERSION = YES;
				GCC_WARN_ABOUT_RETURN_TYPE = YES_ERROR;
				GCC_WARN_UNDECLARED_SELECTOR = YES;
				GCC_WARN_UNINITIALIZED_AUTOS = YES_AGGRESSIVE;
				GCC_WARN_UNUSED_FUNCTION = YES;
				GCC_WARN_UNUSED_VARIABLE = YES;
				IPHONEOS_DEPLOYMENT_TARGET = 16.0;
				MTL_ENABLE_DEBUG_INFO = NO;
				MTL_FAST_MATH = YES;
				SDKROOT = iphoneos;
				SWIFT_COMPILATION_MODE = wholemodule;
				SWIFT_OPTIMIZATION_LEVEL = "-O";
				VALIDATE_PRODUCT = YES;
			};
			name = Release;
		};
		1B10770B290D175900E19C6A /* Debug */ = {
			isa = XCBuildConfiguration;
			buildSettings = {
				ASSETCATALOG_COMPILER_APPICON_NAME = AppIcon;
				ASSETCATALOG_COMPILER_GLOBAL_ACCENT_COLOR_NAME = AccentColor;
				CODE_SIGN_STYLE = Automatic;
				CURRENT_PROJECT_VERSION = 1;
				DEVELOPMENT_TEAM = 74L575RYQ9;
				GENERATE_INFOPLIST_FILE = YES;
				INFOPLIST_FILE = "avito-test-task/Info.plist";
				INFOPLIST_KEY_UIApplicationSupportsIndirectInputEvents = YES;
				INFOPLIST_KEY_UILaunchStoryboardName = LaunchScreen;
				INFOPLIST_KEY_UISupportedInterfaceOrientations_iPad = "UIInterfaceOrientationPortrait UIInterfaceOrientationPortraitUpsideDown UIInterfaceOrientationLandscapeLeft UIInterfaceOrientationLandscapeRight";
				INFOPLIST_KEY_UISupportedInterfaceOrientations_iPhone = "UIInterfaceOrientationPortrait UIInterfaceOrientationLandscapeLeft UIInterfaceOrientationLandscapeRight";
				LD_RUNPATH_SEARCH_PATHS = (
					"$(inherited)",
					"@executable_path/Frameworks",
				);
				MARKETING_VERSION = 1.0;
				PRODUCT_BUNDLE_IDENTIFIER = "maslov.avito-test-task";
				PRODUCT_NAME = "$(TARGET_NAME)";
				SUPPORTED_PLATFORMS = "iphoneos iphonesimulator";
				SUPPORTS_MACCATALYST = NO;
				SUPPORTS_MAC_DESIGNED_FOR_IPHONE_IPAD = NO;
				SWIFT_EMIT_LOC_STRINGS = YES;
				SWIFT_VERSION = 5.0;
				TARGETED_DEVICE_FAMILY = "1,2";
			};
			name = Debug;
		};
		1B10770C290D175900E19C6A /* Release */ = {
			isa = XCBuildConfiguration;
			buildSettings = {
				ASSETCATALOG_COMPILER_APPICON_NAME = AppIcon;
				ASSETCATALOG_COMPILER_GLOBAL_ACCENT_COLOR_NAME = AccentColor;
				CODE_SIGN_STYLE = Automatic;
				CURRENT_PROJECT_VERSION = 1;
				DEVELOPMENT_TEAM = 74L575RYQ9;
				GENERATE_INFOPLIST_FILE = YES;
				INFOPLIST_FILE = "avito-test-task/Info.plist";
				INFOPLIST_KEY_UIApplicationSupportsIndirectInputEvents = YES;
				INFOPLIST_KEY_UILaunchStoryboardName = LaunchScreen;
				INFOPLIST_KEY_UISupportedInterfaceOrientations_iPad = "UIInterfaceOrientationPortrait UIInterfaceOrientationPortraitUpsideDown UIInterfaceOrientationLandscapeLeft UIInterfaceOrientationLandscapeRight";
				INFOPLIST_KEY_UISupportedInterfaceOrientations_iPhone = "UIInterfaceOrientationPortrait UIInterfaceOrientationLandscapeLeft UIInterfaceOrientationLandscapeRight";
				LD_RUNPATH_SEARCH_PATHS = (
					"$(inherited)",
					"@executable_path/Frameworks",
				);
				MARKETING_VERSION = 1.0;
				PRODUCT_BUNDLE_IDENTIFIER = "maslov.avito-test-task";
				PRODUCT_NAME = "$(TARGET_NAME)";
				SUPPORTED_PLATFORMS = "iphoneos iphonesimulator";
				SUPPORTS_MACCATALYST = NO;
				SUPPORTS_MAC_DESIGNED_FOR_IPHONE_IPAD = NO;
				SWIFT_EMIT_LOC_STRINGS = YES;
				SWIFT_VERSION = 5.0;
				TARGETED_DEVICE_FAMILY = "1,2";
			};
			name = Release;
		};
/* End XCBuildConfiguration section */

/* Begin XCConfigurationList section */
		1B1076F1290D175700E19C6A /* Build configuration list for PBXProject "avito-test-task" */ = {
			isa = XCConfigurationList;
			buildConfigurations = (
				1B107708290D175900E19C6A /* Debug */,
				1B107709290D175900E19C6A /* Release */,
			);
			defaultConfigurationIsVisible = 0;
			defaultConfigurationName = Release;
		};
		1B10770A290D175900E19C6A /* Build configuration list for PBXNativeTarget "avito-test-task" */ = {
			isa = XCConfigurationList;
			buildConfigurations = (
				1B10770B290D175900E19C6A /* Debug */,
				1B10770C290D175900E19C6A /* Release */,
			);
			defaultConfigurationIsVisible = 0;
			defaultConfigurationName = Release;
		};
/* End XCConfigurationList section */
	};
	rootObject = 1B1076EE290D175700E19C6A /* Project object */;
}
